// !$*UTF8*$!
{
	archiveVersion = 1;
	classes = {
	};
	objectVersion = 56;
	objects = {

/* Begin PBXBuildFile section */
		D3C270F2292BA72300A148F5 /* AppDelegate.swift in Sources */ = {isa = PBXBuildFile; fileRef = D3C270F1292BA72300A148F5 /* AppDelegate.swift */; };
		D3C270F4292BA72300A148F5 /* SceneDelegate.swift in Sources */ = {isa = PBXBuildFile; fileRef = D3C270F3292BA72300A148F5 /* SceneDelegate.swift */; };
		D3C270F6292BA72300A148F5 /* WelcomeViewController.swift in Sources */ = {isa = PBXBuildFile; fileRef = D3C270F5292BA72300A148F5 /* WelcomeViewController.swift */; };
		D3C270F9292BA72300A148F5 /* Main.storyboard in Resources */ = {isa = PBXBuildFile; fileRef = D3C270F7292BA72300A148F5 /* Main.storyboard */; };
		D3C270FB292BA72600A148F5 /* Assets.xcassets in Resources */ = {isa = PBXBuildFile; fileRef = D3C270FA292BA72600A148F5 /* Assets.xcassets */; };
		D3C270FE292BA72600A148F5 /* LaunchScreen.storyboard in Resources */ = {isa = PBXBuildFile; fileRef = D3C270FC292BA72600A148F5 /* LaunchScreen.storyboard */; };
		D3C27109292BA7FA00A148F5 /* DateService.swift in Sources */ = {isa = PBXBuildFile; fileRef = D3C27108292BA7FA00A148F5 /* DateService.swift */; };
		D3C2710B292BA81800A148F5 /* WeatherService.swift in Sources */ = {isa = PBXBuildFile; fileRef = D3C2710A292BA81800A148F5 /* WeatherService.swift */; };
		D3C2710F292BAAC600A148F5 /* WelcomePresenter.swift in Sources */ = {isa = PBXBuildFile; fileRef = D3C2710E292BAAC600A148F5 /* WelcomePresenter.swift */; };
		D3C27111292BABD700A148F5 /* WelcomeRouter.swift in Sources */ = {isa = PBXBuildFile; fileRef = D3C27110292BABD700A148F5 /* WelcomeRouter.swift */; };
		D3C27113292BAC6000A148F5 /* WelcomeInteractor.swift in Sources */ = {isa = PBXBuildFile; fileRef = D3C27112292BAC6000A148F5 /* WelcomeInteractor.swift */; };
		D3C27115292BACF000A148F5 /* WelcomeModuleBuilder.swift in Sources */ = {isa = PBXBuildFile; fileRef = D3C27114292BACF000A148F5 /* WelcomeModuleBuilder.swift */; };
		D3C2711C292BB80500A148F5 /* ImageViewerModuleBuilder.swift in Sources */ = {isa = PBXBuildFile; fileRef = D3C27117292BB80500A148F5 /* ImageViewerModuleBuilder.swift */; };
		D3C2711D292BB80500A148F5 /* ImageViewerPresenter.swift in Sources */ = {isa = PBXBuildFile; fileRef = D3C27118292BB80500A148F5 /* ImageViewerPresenter.swift */; };
		D3C2711E292BB80500A148F5 /* ImageViewerRouter.swift in Sources */ = {isa = PBXBuildFile; fileRef = D3C27119292BB80500A148F5 /* ImageViewerRouter.swift */; };
		D3C2711F292BB80500A148F5 /* ImageViewerViewController.swift in Sources */ = {isa = PBXBuildFile; fileRef = D3C2711A292BB80500A148F5 /* ImageViewerViewController.swift */; };
		D3C27120292BB80500A148F5 /* ImageViewerInteractor.swift in Sources */ = {isa = PBXBuildFile; fileRef = D3C2711B292BB80500A148F5 /* ImageViewerInteractor.swift */; };
		D3C27122292BB92200A148F5 /* ImageViewer.storyboard in Resources */ = {isa = PBXBuildFile; fileRef = D3C27121292BB92200A148F5 /* ImageViewer.storyboard */; };
		D3C271AC292E008000A148F5 /* .gitignore in Resources */ = {isa = PBXBuildFile; fileRef = D3C271AB292E008000A148F5 /* .gitignore */; };
/* End PBXBuildFile section */

/* Begin PBXFileReference section */
		D3C270EE292BA72300A148F5 /* VIPER.app */ = {isa = PBXFileReference; explicitFileType = wrapper.application; includeInIndex = 0; path = VIPER.app; sourceTree = BUILT_PRODUCTS_DIR; };
		D3C270F1292BA72300A148F5 /* AppDelegate.swift */ = {isa = PBXFileReference; lastKnownFileType = sourcecode.swift; path = AppDelegate.swift; sourceTree = "<group>"; };
		D3C270F3292BA72300A148F5 /* SceneDelegate.swift */ = {isa = PBXFileReference; lastKnownFileType = sourcecode.swift; path = SceneDelegate.swift; sourceTree = "<group>"; };
		D3C270F5292BA72300A148F5 /* WelcomeViewController.swift */ = {isa = PBXFileReference; lastKnownFileType = sourcecode.swift; path = WelcomeViewController.swift; sourceTree = "<group>"; };
		D3C270F8292BA72300A148F5 /* Base */ = {isa = PBXFileReference; lastKnownFileType = file.storyboard; name = Base; path = Base.lproj/Main.storyboard; sourceTree = "<group>"; };
		D3C270FA292BA72600A148F5 /* Assets.xcassets */ = {isa = PBXFileReference; lastKnownFileType = folder.assetcatalog; path = Assets.xcassets; sourceTree = "<group>"; };
		D3C270FD292BA72600A148F5 /* Base */ = {isa = PBXFileReference; lastKnownFileType = file.storyboard; name = Base; path = Base.lproj/LaunchScreen.storyboard; sourceTree = "<group>"; };
		D3C270FF292BA72600A148F5 /* Info.plist */ = {isa = PBXFileReference; lastKnownFileType = text.plist.xml; path = Info.plist; sourceTree = "<group>"; };
		D3C27108292BA7FA00A148F5 /* DateService.swift */ = {isa = PBXFileReference; lastKnownFileType = sourcecode.swift; path = DateService.swift; sourceTree = "<group>"; };
		D3C2710A292BA81800A148F5 /* WeatherService.swift */ = {isa = PBXFileReference; lastKnownFileType = sourcecode.swift; path = WeatherService.swift; sourceTree = "<group>"; };
		D3C2710E292BAAC600A148F5 /* WelcomePresenter.swift */ = {isa = PBXFileReference; lastKnownFileType = sourcecode.swift; path = WelcomePresenter.swift; sourceTree = "<group>"; };
		D3C27110292BABD700A148F5 /* WelcomeRouter.swift */ = {isa = PBXFileReference; lastKnownFileType = sourcecode.swift; path = WelcomeRouter.swift; sourceTree = "<group>"; };
		D3C27112292BAC6000A148F5 /* WelcomeInteractor.swift */ = {isa = PBXFileReference; lastKnownFileType = sourcecode.swift; path = WelcomeInteractor.swift; sourceTree = "<group>"; };
		D3C27114292BACF000A148F5 /* WelcomeModuleBuilder.swift */ = {isa = PBXFileReference; lastKnownFileType = sourcecode.swift; path = WelcomeModuleBuilder.swift; sourceTree = "<group>"; };
		D3C27117292BB80500A148F5 /* ImageViewerModuleBuilder.swift */ = {isa = PBXFileReference; lastKnownFileType = sourcecode.swift; path = ImageViewerModuleBuilder.swift; sourceTree = "<group>"; };
		D3C27118292BB80500A148F5 /* ImageViewerPresenter.swift */ = {isa = PBXFileReference; lastKnownFileType = sourcecode.swift; path = ImageViewerPresenter.swift; sourceTree = "<group>"; };
		D3C27119292BB80500A148F5 /* ImageViewerRouter.swift */ = {isa = PBXFileReference; lastKnownFileType = sourcecode.swift; path = ImageViewerRouter.swift; sourceTree = "<group>"; };
		D3C2711A292BB80500A148F5 /* ImageViewerViewController.swift */ = {isa = PBXFileReference; lastKnownFileType = sourcecode.swift; path = ImageViewerViewController.swift; sourceTree = "<group>"; };
		D3C2711B292BB80500A148F5 /* ImageViewerInteractor.swift */ = {isa = PBXFileReference; lastKnownFileType = sourcecode.swift; path = ImageViewerInteractor.swift; sourceTree = "<group>"; };
		D3C27121292BB92200A148F5 /* ImageViewer.storyboard */ = {isa = PBXFileReference; lastKnownFileType = file.storyboard; path = ImageViewer.storyboard; sourceTree = "<group>"; };
		D3C271AB292E008000A148F5 /* .gitignore */ = {isa = PBXFileReference; fileEncoding = 4; lastKnownFileType = text; path = .gitignore; sourceTree = "<group>"; };
/* End PBXFileReference section */

/* Begin PBXFrameworksBuildPhase section */
		D3C270EB292BA72300A148F5 /* Frameworks */ = {
			isa = PBXFrameworksBuildPhase;
			buildActionMask = 2147483647;
			files = (
			);
			runOnlyForDeploymentPostprocessing = 0;
		};
/* End PBXFrameworksBuildPhase section */

/* Begin PBXGroup section */
		D3C270E5292BA72300A148F5 = {
			isa = PBXGroup;
			children = (
				D3C271AB292E008000A148F5 /* .gitignore */,
				D3C270F0292BA72300A148F5 /* VIPER */,
				D3C270EF292BA72300A148F5 /* Products */,
			);
			sourceTree = "<group>";
		};
		D3C270EF292BA72300A148F5 /* Products */ = {
			isa = PBXGroup;
			children = (
				D3C270EE292BA72300A148F5 /* VIPER.app */,
			);
			name = Products;
			sourceTree = "<group>";
		};
		D3C270F0292BA72300A148F5 /* VIPER */ = {
			isa = PBXGroup;
			children = (
				D3C2710D292BAA2300A148F5 /* Welcome */,
				D3C27116292BB50100A148F5 /* ImageViewer */,
				D3C27107292BA7D800A148F5 /* API */,
				D3C27105292BA73700A148F5 /* Application */,
				D3C27106292BA74F00A148F5 /* Resources */,
			);
			path = VIPER;
			sourceTree = "<group>";
		};
		D3C27105292BA73700A148F5 /* Application */ = {
			isa = PBXGroup;
			children = (
				D3C270F1292BA72300A148F5 /* AppDelegate.swift */,
				D3C270F3292BA72300A148F5 /* SceneDelegate.swift */,
			);
			path = Application;
			sourceTree = "<group>";
		};
		D3C27106292BA74F00A148F5 /* Resources */ = {
			isa = PBXGroup;
			children = (
				D3C270FA292BA72600A148F5 /* Assets.xcassets */,
				D3C270FC292BA72600A148F5 /* LaunchScreen.storyboard */,
				D3C270FF292BA72600A148F5 /* Info.plist */,
			);
			path = Resources;
			sourceTree = "<group>";
		};
		D3C27107292BA7D800A148F5 /* API */ = {
			isa = PBXGroup;
			children = (
				D3C27108292BA7FA00A148F5 /* DateService.swift */,
				D3C2710A292BA81800A148F5 /* WeatherService.swift */,
			);
			path = API;
			sourceTree = "<group>";
		};
		D3C2710D292BAA2300A148F5 /* Welcome */ = {
			isa = PBXGroup;
			children = (
				D3C270F7292BA72300A148F5 /* Main.storyboard */,
				D3C270F5292BA72300A148F5 /* WelcomeViewController.swift */,
				D3C2710E292BAAC600A148F5 /* WelcomePresenter.swift */,
				D3C27112292BAC6000A148F5 /* WelcomeInteractor.swift */,
				D3C27110292BABD700A148F5 /* WelcomeRouter.swift */,
				D3C27114292BACF000A148F5 /* WelcomeModuleBuilder.swift */,
			);
			path = Welcome;
			sourceTree = "<group>";
		};
		D3C27116292BB50100A148F5 /* ImageViewer */ = {
			isa = PBXGroup;
			children = (
				D3C27121292BB92200A148F5 /* ImageViewer.storyboard */,
				D3C2711A292BB80500A148F5 /* ImageViewerViewController.swift */,
				D3C27118292BB80500A148F5 /* ImageViewerPresenter.swift */,
				D3C2711B292BB80500A148F5 /* ImageViewerInteractor.swift */,
				D3C27119292BB80500A148F5 /* ImageViewerRouter.swift */,
				D3C27117292BB80500A148F5 /* ImageViewerModuleBuilder.swift */,
			);
			path = ImageViewer;
			sourceTree = "<group>";
		};
/* End PBXGroup section */

/* Begin PBXNativeTarget section */
		D3C270ED292BA72300A148F5 /* VIPER */ = {
			isa = PBXNativeTarget;
			buildConfigurationList = D3C27102292BA72600A148F5 /* Build configuration list for PBXNativeTarget "VIPER" */;
			buildPhases = (
				D3C270EA292BA72300A148F5 /* Sources */,
				D3C270EB292BA72300A148F5 /* Frameworks */,
				D3C270EC292BA72300A148F5 /* Resources */,
			);
			buildRules = (
			);
			dependencies = (
			);
			name = VIPER;
			productName = VIPER;
			productReference = D3C270EE292BA72300A148F5 /* VIPER.app */;
			productType = "com.apple.product-type.application";
		};
/* End PBXNativeTarget section */

/* Begin PBXProject section */
		D3C270E6292BA72300A148F5 /* Project object */ = {
			isa = PBXProject;
			attributes = {
				BuildIndependentTargetsInParallel = 1;
				LastSwiftUpdateCheck = 1410;
				LastUpgradeCheck = 1410;
				TargetAttributes = {
					D3C270ED292BA72300A148F5 = {
						CreatedOnToolsVersion = 14.1;
					};
				};
			};
			buildConfigurationList = D3C270E9292BA72300A148F5 /* Build configuration list for PBXProject "VIPER" */;
			compatibilityVersion = "Xcode 14.0";
			developmentRegion = en;
			hasScannedForEncodings = 0;
			knownRegions = (
				en,
				Base,
			);
			mainGroup = D3C270E5292BA72300A148F5;
			productRefGroup = D3C270EF292BA72300A148F5 /* Products */;
			projectDirPath = "";
			projectRoot = "";
			targets = (
				D3C270ED292BA72300A148F5 /* VIPER */,
			);
		};
/* End PBXProject section */

/* Begin PBXResourcesBuildPhase section */
		D3C270EC292BA72300A148F5 /* Resources */ = {
			isa = PBXResourcesBuildPhase;
			buildActionMask = 2147483647;
			files = (
				D3C271AC292E008000A148F5 /* .gitignore in Resources */,
				D3C270FE292BA72600A148F5 /* LaunchScreen.storyboard in Resources */,
				D3C270FB292BA72600A148F5 /* Assets.xcassets in Resources */,
				D3C27122292BB92200A148F5 /* ImageViewer.storyboard in Resources */,
				D3C270F9292BA72300A148F5 /* Main.storyboard in Resources */,
			);
			runOnlyForDeploymentPostprocessing = 0;
		};
/* End PBXResourcesBuildPhase section */

/* Begin PBXSourcesBuildPhase section */
		D3C270EA292BA72300A148F5 /* Sources */ = {
			isa = PBXSourcesBuildPhase;
			buildActionMask = 2147483647;
			files = (
				D3C2711E292BB80500A148F5 /* ImageViewerRouter.swift in Sources */,
				D3C2710B292BA81800A148F5 /* WeatherService.swift in Sources */,
				D3C2711F292BB80500A148F5 /* ImageViewerViewController.swift in Sources */,
				D3C27113292BAC6000A148F5 /* WelcomeInteractor.swift in Sources */,
				D3C2710F292BAAC600A148F5 /* WelcomePresenter.swift in Sources */,
				D3C2711D292BB80500A148F5 /* ImageViewerPresenter.swift in Sources */,
				D3C270F6292BA72300A148F5 /* WelcomeViewController.swift in Sources */,
				D3C270F2292BA72300A148F5 /* AppDelegate.swift in Sources */,
				D3C27115292BACF000A148F5 /* WelcomeModuleBuilder.swift in Sources */,
				D3C27111292BABD700A148F5 /* WelcomeRouter.swift in Sources */,
				D3C270F4292BA72300A148F5 /* SceneDelegate.swift in Sources */,
				D3C27109292BA7FA00A148F5 /* DateService.swift in Sources */,
				D3C27120292BB80500A148F5 /* ImageViewerInteractor.swift in Sources */,
				D3C2711C292BB80500A148F5 /* ImageViewerModuleBuilder.swift in Sources */,
			);
			runOnlyForDeploymentPostprocessing = 0;
		};
/* End PBXSourcesBuildPhase section */

/* Begin PBXVariantGroup section */
		D3C270F7292BA72300A148F5 /* Main.storyboard */ = {
			isa = PBXVariantGroup;
			children = (
				D3C270F8292BA72300A148F5 /* Base */,
			);
			name = Main.storyboard;
			sourceTree = "<group>";
		};
		D3C270FC292BA72600A148F5 /* LaunchScreen.storyboard */ = {
			isa = PBXVariantGroup;
			children = (
				D3C270FD292BA72600A148F5 /* Base */,
			);
			name = LaunchScreen.storyboard;
			sourceTree = "<group>";
		};
/* End PBXVariantGroup section */

/* Begin XCBuildConfiguration section */
		D3C27100292BA72600A148F5 /* Debug */ = {
			isa = XCBuildConfiguration;
			buildSettings = {
				ALWAYS_SEARCH_USER_PATHS = NO;
				CLANG_ANALYZER_NONNULL = YES;
				CLANG_ANALYZER_NUMBER_OBJECT_CONVERSION = YES_AGGRESSIVE;
				CLANG_CXX_LANGUAGE_STANDARD = "gnu++20";
				CLANG_ENABLE_MODULES = YES;
				CLANG_ENABLE_OBJC_ARC = YES;
				CLANG_ENABLE_OBJC_WEAK = YES;
				CLANG_WARN_BLOCK_CAPTURE_AUTORELEASING = YES;
				CLANG_WARN_BOOL_CONVERSION = YES;
				CLANG_WARN_COMMA = YES;
				CLANG_WARN_CONSTANT_CONVERSION = YES;
				CLANG_WARN_DEPRECATED_OBJC_IMPLEMENTATIONS = YES;
				CLANG_WARN_DIRECT_OBJC_ISA_USAGE = YES_ERROR;
				CLANG_WARN_DOCUMENTATION_COMMENTS = YES;
				CLANG_WARN_EMPTY_BODY = YES;
				CLANG_WARN_ENUM_CONVERSION = YES;
				CLANG_WARN_INFINITE_RECURSION = YES;
				CLANG_WARN_INT_CONVERSION = YES;
				CLANG_WARN_NON_LITERAL_NULL_CONVERSION = YES;
				CLANG_WARN_OBJC_IMPLICIT_RETAIN_SELF = YES;
				CLANG_WARN_OBJC_LITERAL_CONVERSION = YES;
				CLANG_WARN_OBJC_ROOT_CLASS = YES_ERROR;
				CLANG_WARN_QUOTED_INCLUDE_IN_FRAMEWORK_HEADER = YES;
				CLANG_WARN_RANGE_LOOP_ANALYSIS = YES;
				CLANG_WARN_STRICT_PROTOTYPES = YES;
				CLANG_WARN_SUSPICIOUS_MOVE = YES;
				CLANG_WARN_UNGUARDED_AVAILABILITY = YES_AGGRESSIVE;
				CLANG_WARN_UNREACHABLE_CODE = YES;
				CLANG_WARN__DUPLICATE_METHOD_MATCH = YES;
				COPY_PHASE_STRIP = NO;
				DEBUG_INFORMATION_FORMAT = dwarf;
				ENABLE_STRICT_OBJC_MSGSEND = YES;
				ENABLE_TESTABILITY = YES;
				GCC_C_LANGUAGE_STANDARD = gnu11;
				GCC_DYNAMIC_NO_PIC = NO;
				GCC_NO_COMMON_BLOCKS = YES;
				GCC_OPTIMIZATION_LEVEL = 0;
				GCC_PREPROCESSOR_DEFINITIONS = (
					"DEBUG=1",
					"$(inherited)",
				);
				GCC_WARN_64_TO_32_BIT_CONVERSION = YES;
				GCC_WARN_ABOUT_RETURN_TYPE = YES_ERROR;
				GCC_WARN_UNDECLARED_SELECTOR = YES;
				GCC_WARN_UNINITIALIZED_AUTOS = YES_AGGRESSIVE;
				GCC_WARN_UNUSED_FUNCTION = YES;
				GCC_WARN_UNUSED_VARIABLE = YES;
				IPHONEOS_DEPLOYMENT_TARGET = 16.1;
				MTL_ENABLE_DEBUG_INFO = INCLUDE_SOURCE;
				MTL_FAST_MATH = YES;
				ONLY_ACTIVE_ARCH = YES;
				SDKROOT = iphoneos;
				SWIFT_ACTIVE_COMPILATION_CONDITIONS = DEBUG;
				SWIFT_OPTIMIZATION_LEVEL = "-Onone";
			};
			name = Debug;
		};
		D3C27101292BA72600A148F5 /* Release */ = {
			isa = XCBuildConfiguration;
			buildSettings = {
				ALWAYS_SEARCH_USER_PATHS = NO;
				CLANG_ANALYZER_NONNULL = YES;
				CLANG_ANALYZER_NUMBER_OBJECT_CONVERSION = YES_AGGRESSIVE;
				CLANG_CXX_LANGUAGE_STANDARD = "gnu++20";
				CLANG_ENABLE_MODULES = YES;
				CLANG_ENABLE_OBJC_ARC = YES;
				CLANG_ENABLE_OBJC_WEAK = YES;
				CLANG_WARN_BLOCK_CAPTURE_AUTORELEASING = YES;
				CLANG_WARN_BOOL_CONVERSION = YES;
				CLANG_WARN_COMMA = YES;
				CLANG_WARN_CONSTANT_CONVERSION = YES;
				CLANG_WARN_DEPRECATED_OBJC_IMPLEMENTATIONS = YES;
				CLANG_WARN_DIRECT_OBJC_ISA_USAGE = YES_ERROR;
				CLANG_WARN_DOCUMENTATION_COMMENTS = YES;
				CLANG_WARN_EMPTY_BODY = YES;
				CLANG_WARN_ENUM_CONVERSION = YES;
				CLANG_WARN_INFINITE_RECURSION = YES;
				CLANG_WARN_INT_CONVERSION = YES;
				CLANG_WARN_NON_LITERAL_NULL_CONVERSION = YES;
				CLANG_WARN_OBJC_IMPLICIT_RETAIN_SELF = YES;
				CLANG_WARN_OBJC_LITERAL_CONVERSION = YES;
				CLANG_WARN_OBJC_ROOT_CLASS = YES_ERROR;
				CLANG_WARN_QUOTED_INCLUDE_IN_FRAMEWORK_HEADER = YES;
				CLANG_WARN_RANGE_LOOP_ANALYSIS = YES;
				CLANG_WARN_STRICT_PROTOTYPES = YES;
				CLANG_WARN_SUSPICIOUS_MOVE = YES;
				CLANG_WARN_UNGUARDED_AVAILABILITY = YES_AGGRESSIVE;
				CLANG_WARN_UNREACHABLE_CODE = YES;
				CLANG_WARN__DUPLICATE_METHOD_MATCH = YES;
				COPY_PHASE_STRIP = NO;
				DEBUG_INFORMATION_FORMAT = "dwarf-with-dsym";
				ENABLE_NS_ASSERTIONS = NO;
				ENABLE_STRICT_OBJC_MSGSEND = YES;
				GCC_C_LANGUAGE_STANDARD = gnu11;
				GCC_NO_COMMON_BLOCKS = YES;
				GCC_WARN_64_TO_32_BIT_CONVERSION = YES;
				GCC_WARN_ABOUT_RETURN_TYPE = YES_ERROR;
				GCC_WARN_UNDECLARED_SELECTOR = YES;
				GCC_WARN_UNINITIALIZED_AUTOS = YES_AGGRESSIVE;
				GCC_WARN_UNUSED_FUNCTION = YES;
				GCC_WARN_UNUSED_VARIABLE = YES;
				IPHONEOS_DEPLOYMENT_TARGET = 16.1;
				MTL_ENABLE_DEBUG_INFO = NO;
				MTL_FAST_MATH = YES;
				SDKROOT = iphoneos;
				SWIFT_COMPILATION_MODE = wholemodule;
				SWIFT_OPTIMIZATION_LEVEL = "-O";
				VALIDATE_PRODUCT = YES;
			};
			name = Release;
		};
		D3C27103292BA72600A148F5 /* Debug */ = {
			isa = XCBuildConfiguration;
			buildSettings = {
				ASSETCATALOG_COMPILER_APPICON_NAME = AppIcon;
				ASSETCATALOG_COMPILER_GLOBAL_ACCENT_COLOR_NAME = AccentColor;
				CODE_SIGN_STYLE = Automatic;
				CURRENT_PROJECT_VERSION = 1;
				DEVELOPMENT_TEAM = G4CFK969KL;
				GENERATE_INFOPLIST_FILE = YES;
				INFOPLIST_FILE = VIPER/Resources/Info.plist;
				INFOPLIST_KEY_UIApplicationSupportsIndirectInputEvents = YES;
				INFOPLIST_KEY_UILaunchStoryboardName = LaunchScreen;
				INFOPLIST_KEY_UIMainStoryboardFile = Main;
				INFOPLIST_KEY_UISupportedInterfaceOrientations_iPad = "UIInterfaceOrientationPortrait UIInterfaceOrientationPortraitUpsideDown UIInterfaceOrientationLandscapeLeft UIInterfaceOrientationLandscapeRight";
				INFOPLIST_KEY_UISupportedInterfaceOrientations_iPhone = "UIInterfaceOrientationPortrait UIInterfaceOrientationLandscapeLeft UIInterfaceOrientationLandscapeRight";
				LD_RUNPATH_SEARCH_PATHS = (
					"$(inherited)",
					"@executable_path/Frameworks",
				);
				MARKETING_VERSION = 1.0;
				PRODUCT_BUNDLE_IDENTIFIER = com.wx.VIPER;
				PRODUCT_NAME = "$(TARGET_NAME)";
				SWIFT_EMIT_LOC_STRINGS = YES;
				SWIFT_VERSION = 5.0;
				TARGETED_DEVICE_FAMILY = "1,2";
			};
			name = Debug;
		};
		D3C27104292BA72600A148F5 /* Release */ = {
			isa = XCBuildConfiguration;
			buildSettings = {
				ASSETCATALOG_COMPILER_APPICON_NAME = AppIcon;
				ASSETCATALOG_COMPILER_GLOBAL_ACCENT_COLOR_NAME = AccentColor;
				CODE_SIGN_STYLE = Automatic;
				CURRENT_PROJECT_VERSION = 1;
				DEVELOPMENT_TEAM = G4CFK969KL;
				GENERATE_INFOPLIST_FILE = YES;
				INFOPLIST_FILE = VIPER/Resources/Info.plist;
				INFOPLIST_KEY_UIApplicationSupportsIndirectInputEvents = YES;
				INFOPLIST_KEY_UILaunchStoryboardName = LaunchScreen;
				INFOPLIST_KEY_UIMainStoryboardFile = Main;
				INFOPLIST_KEY_UISupportedInterfaceOrientations_iPad = "UIInterfaceOrientationPortrait UIInterfaceOrientationPortraitUpsideDown UIInterfaceOrientationLandscapeLeft UIInterfaceOrientationLandscapeRight";
				INFOPLIST_KEY_UISupportedInterfaceOrientations_iPhone = "UIInterfaceOrientationPortrait UIInterfaceOrientationLandscapeLeft UIInterfaceOrientationLandscapeRight";
				LD_RUNPATH_SEARCH_PATHS = (
					"$(inherited)",
					"@executable_path/Frameworks",
				);
				MARKETING_VERSION = 1.0;
				PRODUCT_BUNDLE_IDENTIFIER = com.wx.VIPER;
				PRODUCT_NAME = "$(TARGET_NAME)";
				SWIFT_EMIT_LOC_STRINGS = YES;
				SWIFT_VERSION = 5.0;
				TARGETED_DEVICE_FAMILY = "1,2";
			};
			name = Release;
		};
/* End XCBuildConfiguration section */

/* Begin XCConfigurationList section */
		D3C270E9292BA72300A148F5 /* Build configuration list for PBXProject "VIPER" */ = {
			isa = XCConfigurationList;
			buildConfigurations = (
				D3C27100292BA72600A148F5 /* Debug */,
				D3C27101292BA72600A148F5 /* Release */,
			);
			defaultConfigurationIsVisible = 0;
			defaultConfigurationName = Release;
		};
		D3C27102292BA72600A148F5 /* Build configuration list for PBXNativeTarget "VIPER" */ = {
			isa = XCConfigurationList;
			buildConfigurations = (
				D3C27103292BA72600A148F5 /* Debug */,
				D3C27104292BA72600A148F5 /* Release */,
			);
			defaultConfigurationIsVisible = 0;
			defaultConfigurationName = Release;
		};
/* End XCConfigurationList section */
	};
	rootObject = D3C270E6292BA72300A148F5 /* Project object */;
}
